
Microsoft Visual Studio Solution File, Format Version 12.00
# Visual Studio 15
VisualStudioVersion = 15.0.26430.16
MinimumVisualStudioVersion = 10.0.40219.1
Project("{FAE04EC0-301F-11D3-BF4B-00C04F79EFBC}") = "WSFilms", "WSFilms\WSFilms.csproj", "{C9B045C6-12A4-4E6A-B92C-24B9D77EBE36}"
EndProject
Project("{FAE04EC0-301F-11D3-BF4B-00C04F79EFBC}") = "WSFilms.Tests", "WSFilms.Tests\WSFilms.Tests.csproj", "{87A7B01C-5DB7-4E52-87A7-0397B6022947}"
EndProject
Global
	GlobalSection(SolutionConfigurationPlatforms) = preSolution
		Debug|Any CPU = Debug|Any CPU
		Release|Any CPU = Release|Any CPU
	EndGlobalSection
	GlobalSection(ProjectConfigurationPlatforms) = postSolution
		{C9B045C6-12A4-4E6A-B92C-24B9D77EBE36}.Debug|Any CPU.ActiveCfg = Debug|Any CPU
		{C9B045C6-12A4-4E6A-B92C-24B9D77EBE36}.Debug|Any CPU.Build.0 = Debug|Any CPU
		{C9B045C6-12A4-4E6A-B92C-24B9D77EBE36}.Release|Any CPU.ActiveCfg = Release|Any CPU
		{C9B045C6-12A4-4E6A-B92C-24B9D77EBE36}.Release|Any CPU.Build.0 = Release|Any CPU
		{87A7B01C-5DB7-4E52-87A7-0397B6022947}.Debug|Any CPU.ActiveCfg = Debug|Any CPU
		{87A7B01C-5DB7-4E52-87A7-0397B6022947}.Debug|Any CPU.Build.0 = Debug|Any CPU
		{87A7B01C-5DB7-4E52-87A7-0397B6022947}.Release|Any CPU.ActiveCfg = Release|Any CPU
		{87A7B01C-5DB7-4E52-87A7-0397B6022947}.Release|Any CPU.Build.0 = Release|Any CPU
	EndGlobalSection
	GlobalSection(SolutionProperties) = preSolution
		HideSolutionNode = FALSE
	EndGlobalSection
EndGlobal
